// !$*UTF8*$!
{
	archiveVersion = 1;
	classes = {
	};
	objectVersion = 46;
	objects = {

/* Begin PBXBuildFile section */
		921D25661CC81F4E00F988EC /* TemplateController.m in Sources */ = {isa = PBXBuildFile; fileRef = 921D25651CC81F4E00F988EC /* TemplateController.m */; };
		9269721E1CC816E000306483 /* Templates.storyboard in Resources */ = {isa = PBXBuildFile; fileRef = 9269721D1CC816E000306483 /* Templates.storyboard */; };
		928A984A1CD004D5009984F7 /* orange-multiDesign.jpg in Resources */ = {isa = PBXBuildFile; fileRef = 928A98491CD004D5009984F7 /* orange-multiDesign.jpg */; };
		928A984C1CD004E2009984F7 /* blue-grayDesign.jpg in Resources */ = {isa = PBXBuildFile; fileRef = 928A984B1CD004E2009984F7 /* blue-grayDesign.jpg */; };
		928A984E1CD00B7A009984F7 /* green-whiteDesign.jpg in Resources */ = {isa = PBXBuildFile; fileRef = 928A984D1CD00B7A009984F7 /* green-whiteDesign.jpg */; };
		928A98501CD00B96009984F7 /* black-wood.jpg in Resources */ = {isa = PBXBuildFile; fileRef = 928A984F1CD00B96009984F7 /* black-wood.jpg */; };
		928A98521CD00BA7009984F7 /* blue-greenDesign.jpg in Resources */ = {isa = PBXBuildFile; fileRef = 928A98511CD00BA7009984F7 /* blue-greenDesign.jpg */; };
		928A98541CD00BBF009984F7 /* blue-whiteDesign.png in Resources */ = {isa = PBXBuildFile; fileRef = 928A98531CD00BBF009984F7 /* blue-whiteDesign.png */; };
		928A98561CD00BCA009984F7 /* goldDesign.jpg in Resources */ = {isa = PBXBuildFile; fileRef = 928A98551CD00BCA009984F7 /* goldDesign.jpg */; };
		928A98581CD00BD5009984F7 /* red-silverDesign.jpg in Resources */ = {isa = PBXBuildFile; fileRef = 928A98571CD00BD5009984F7 /* red-silverDesign.jpg */; };
		92CB33031CCEA5FA004CE971 /* Standard.jpg in Resources */ = {isa = PBXBuildFile; fileRef = 92CB33021CCEA5FA004CE971 /* Standard.jpg */; };
		92CC48501CCEDE9300305889 /* purple-pinkDesign.jpg in Resources */ = {isa = PBXBuildFile; fileRef = 92CC484F1CCEDE9300305889 /* purple-pinkDesign.jpg */; };
		D6C2588A1CBFF30E00D4A58E /* main.m in Sources */ = {isa = PBXBuildFile; fileRef = D6C258891CBFF30E00D4A58E /* main.m */; };
		D6C2588D1CBFF30E00D4A58E /* AppDelegate.m in Sources */ = {isa = PBXBuildFile; fileRef = D6C2588C1CBFF30E00D4A58E /* AppDelegate.m */; };
		D6C258901CBFF30E00D4A58E /* ViewController.m in Sources */ = {isa = PBXBuildFile; fileRef = D6C2588F1CBFF30E00D4A58E /* ViewController.m */; };
		D6C258931CBFF30E00D4A58E /* Main.storyboard in Resources */ = {isa = PBXBuildFile; fileRef = D6C258911CBFF30E00D4A58E /* Main.storyboard */; };
		D6C258951CBFF30E00D4A58E /* Assets.xcassets in Resources */ = {isa = PBXBuildFile; fileRef = D6C258941CBFF30E00D4A58E /* Assets.xcassets */; };
		D6C258981CBFF30E00D4A58E /* LaunchScreen.storyboard in Resources */ = {isa = PBXBuildFile; fileRef = D6C258961CBFF30E00D4A58E /* LaunchScreen.storyboard */; };
		D6C258A01CC0026E00D4A58E /* BSCard.jpg in Resources */ = {isa = PBXBuildFile; fileRef = D6C2589F1CC0026E00D4A58E /* BSCard.jpg */; };
/* End PBXBuildFile section */

/* Begin PBXFileReference section */
		921D25641CC81F4E00F988EC /* TemplateController.h */ = {isa = PBXFileReference; fileEncoding = 4; lastKnownFileType = sourcecode.c.h; name = TemplateController.h; path = ../TemplateController.h; sourceTree = "<group>"; };
		921D25651CC81F4E00F988EC /* TemplateController.m */ = {isa = PBXFileReference; fileEncoding = 4; lastKnownFileType = sourcecode.c.objc; name = TemplateController.m; path = ../TemplateController.m; sourceTree = "<group>"; };
		9269721D1CC816E000306483 /* Templates.storyboard */ = {isa = PBXFileReference; fileEncoding = 4; lastKnownFileType = file.storyboard; path = Templates.storyboard; sourceTree = "<group>"; };
		928A98491CD004D5009984F7 /* orange-multiDesign.jpg */ = {isa = PBXFileReference; lastKnownFileType = image.jpeg; path = "orange-multiDesign.jpg"; sourceTree = "<group>"; };
		928A984B1CD004E2009984F7 /* blue-grayDesign.jpg */ = {isa = PBXFileReference; lastKnownFileType = image.jpeg; path = "blue-grayDesign.jpg"; sourceTree = "<group>"; };
		928A984D1CD00B7A009984F7 /* green-whiteDesign.jpg */ = {isa = PBXFileReference; lastKnownFileType = image.jpeg; path = "green-whiteDesign.jpg"; sourceTree = "<group>"; };
		928A984F1CD00B96009984F7 /* black-wood.jpg */ = {isa = PBXFileReference; lastKnownFileType = image.jpeg; path = "black-wood.jpg"; sourceTree = "<group>"; };
		928A98511CD00BA7009984F7 /* blue-greenDesign.jpg */ = {isa = PBXFileReference; lastKnownFileType = image.jpeg; path = "blue-greenDesign.jpg"; sourceTree = "<group>"; };
		928A98531CD00BBF009984F7 /* blue-whiteDesign.png */ = {isa = PBXFileReference; lastKnownFileType = image.png; path = "blue-whiteDesign.png"; sourceTree = "<group>"; };
		928A98551CD00BCA009984F7 /* goldDesign.jpg */ = {isa = PBXFileReference; lastKnownFileType = image.jpeg; path = goldDesign.jpg; sourceTree = "<group>"; };
		928A98571CD00BD5009984F7 /* red-silverDesign.jpg */ = {isa = PBXFileReference; lastKnownFileType = image.jpeg; path = "red-silverDesign.jpg"; sourceTree = "<group>"; };
		92CB33021CCEA5FA004CE971 /* Standard.jpg */ = {isa = PBXFileReference; lastKnownFileType = image.jpeg; path = Standard.jpg; sourceTree = "<group>"; };
		92CC484F1CCEDE9300305889 /* purple-pinkDesign.jpg */ = {isa = PBXFileReference; lastKnownFileType = image.jpeg; path = "purple-pinkDesign.jpg"; sourceTree = "<group>"; };
		D6C258851CBFF30E00D4A58E /* cardme.app */ = {isa = PBXFileReference; explicitFileType = wrapper.application; includeInIndex = 0; path = cardme.app; sourceTree = BUILT_PRODUCTS_DIR; };
		D6C258891CBFF30E00D4A58E /* main.m */ = {isa = PBXFileReference; lastKnownFileType = sourcecode.c.objc; path = main.m; sourceTree = "<group>"; };
		D6C2588B1CBFF30E00D4A58E /* AppDelegate.h */ = {isa = PBXFileReference; lastKnownFileType = sourcecode.c.h; path = AppDelegate.h; sourceTree = "<group>"; };
		D6C2588C1CBFF30E00D4A58E /* AppDelegate.m */ = {isa = PBXFileReference; lastKnownFileType = sourcecode.c.objc; path = AppDelegate.m; sourceTree = "<group>"; };
		D6C2588E1CBFF30E00D4A58E /* ViewController.h */ = {isa = PBXFileReference; lastKnownFileType = sourcecode.c.h; path = ViewController.h; sourceTree = "<group>"; };
		D6C2588F1CBFF30E00D4A58E /* ViewController.m */ = {isa = PBXFileReference; lastKnownFileType = sourcecode.c.objc; path = ViewController.m; sourceTree = "<group>"; };
		D6C258921CBFF30E00D4A58E /* Base */ = {isa = PBXFileReference; lastKnownFileType = file.storyboard; name = Base; path = Base.lproj/Main.storyboard; sourceTree = "<group>"; };
		D6C258941CBFF30E00D4A58E /* Assets.xcassets */ = {isa = PBXFileReference; lastKnownFileType = folder.assetcatalog; path = Assets.xcassets; sourceTree = "<group>"; };
		D6C258971CBFF30E00D4A58E /* Base */ = {isa = PBXFileReference; lastKnownFileType = file.storyboard; name = Base; path = Base.lproj/LaunchScreen.storyboard; sourceTree = "<group>"; };
		D6C258991CBFF30E00D4A58E /* Info.plist */ = {isa = PBXFileReference; lastKnownFileType = text.plist.xml; path = Info.plist; sourceTree = "<group>"; };
		D6C2589F1CC0026E00D4A58E /* BSCard.jpg */ = {isa = PBXFileReference; lastKnownFileType = image.jpeg; path = BSCard.jpg; sourceTree = "<group>"; };
/* End PBXFileReference section */

/* Begin PBXFrameworksBuildPhase section */
		D6C258821CBFF30E00D4A58E /* Frameworks */ = {
			isa = PBXFrameworksBuildPhase;
			buildActionMask = 2147483647;
			files = (
			);
			runOnlyForDeploymentPostprocessing = 0;
		};
/* End PBXFrameworksBuildPhase section */

/* Begin PBXGroup section */
		D6C2587C1CBFF30E00D4A58E = {
			isa = PBXGroup;
			children = (
				D6C258871CBFF30E00D4A58E /* cardme */,
				D6C258861CBFF30E00D4A58E /* Products */,
			);
			sourceTree = "<group>";
		};
		D6C258861CBFF30E00D4A58E /* Products */ = {
			isa = PBXGroup;
			children = (
				D6C258851CBFF30E00D4A58E /* cardme.app */,
			);
			name = Products;
			sourceTree = "<group>";
		};
		D6C258871CBFF30E00D4A58E /* cardme */ = {
			isa = PBXGroup;
			children = (
				921D25641CC81F4E00F988EC /* TemplateController.h */,
				921D25651CC81F4E00F988EC /* TemplateController.m */,
				9269721D1CC816E000306483 /* Templates.storyboard */,
				D6C2588B1CBFF30E00D4A58E /* AppDelegate.h */,
				D6C2588C1CBFF30E00D4A58E /* AppDelegate.m */,
				D6C2588E1CBFF30E00D4A58E /* ViewController.h */,
				D6C2588F1CBFF30E00D4A58E /* ViewController.m */,
				D6C258911CBFF30E00D4A58E /* Main.storyboard */,
				D6C258941CBFF30E00D4A58E /* Assets.xcassets */,
				D6C258961CBFF30E00D4A58E /* LaunchScreen.storyboard */,
				D6C258991CBFF30E00D4A58E /* Info.plist */,
				D6C258881CBFF30E00D4A58E /* Supporting Files */,
			);
			path = cardme;
			sourceTree = "<group>";
		};
		D6C258881CBFF30E00D4A58E /* Supporting Files */ = {
			isa = PBXGroup;
			children = (
				928A98551CD00BCA009984F7 /* goldDesign.jpg */,
				928A98531CD00BBF009984F7 /* blue-whiteDesign.png */,
				928A98511CD00BA7009984F7 /* blue-greenDesign.jpg */,
				928A98571CD00BD5009984F7 /* red-silverDesign.jpg */,
				928A984F1CD00B96009984F7 /* black-wood.jpg */,
				928A984D1CD00B7A009984F7 /* green-whiteDesign.jpg */,
				928A984B1CD004E2009984F7 /* blue-grayDesign.jpg */,
				928A98491CD004D5009984F7 /* orange-multiDesign.jpg */,
				92CC484F1CCEDE9300305889 /* purple-pinkDesign.jpg */,
				92CB33021CCEA5FA004CE971 /* Standard.jpg */,
				D6C2589F1CC0026E00D4A58E /* BSCard.jpg */,
				D6C258891CBFF30E00D4A58E /* main.m */,
			);
			name = "Supporting Files";
			sourceTree = "<group>";
		};
/* End PBXGroup section */

/* Begin PBXNativeTarget section */
		D6C258841CBFF30E00D4A58E /* cardme */ = {
			isa = PBXNativeTarget;
			buildConfigurationList = D6C2589C1CBFF30E00D4A58E /* Build configuration list for PBXNativeTarget "cardme" */;
			buildPhases = (
				D6C258811CBFF30E00D4A58E /* Sources */,
				D6C258821CBFF30E00D4A58E /* Frameworks */,
				D6C258831CBFF30E00D4A58E /* Resources */,
			);
			buildRules = (
			);
			dependencies = (
			);
			name = cardme;
			productName = cardme;
			productReference = D6C258851CBFF30E00D4A58E /* cardme.app */;
			productType = "com.apple.product-type.application";
		};
/* End PBXNativeTarget section */

/* Begin PBXProject section */
		D6C2587D1CBFF30E00D4A58E /* Project object */ = {
			isa = PBXProject;
			attributes = {
				LastUpgradeCheck = 0720;
				ORGANIZATIONNAME = nyu.edu;
				TargetAttributes = {
					D6C258841CBFF30E00D4A58E = {
						CreatedOnToolsVersion = 7.2.1;
					};
				};
			};
			buildConfigurationList = D6C258801CBFF30E00D4A58E /* Build configuration list for PBXProject "cardme" */;
			compatibilityVersion = "Xcode 3.2";
			developmentRegion = English;
			hasScannedForEncodings = 0;
			knownRegions = (
				en,
				Base,
			);
			mainGroup = D6C2587C1CBFF30E00D4A58E;
			productRefGroup = D6C258861CBFF30E00D4A58E /* Products */;
			projectDirPath = "";
			projectRoot = "";
			targets = (
				D6C258841CBFF30E00D4A58E /* cardme */,
			);
		};
/* End PBXProject section */

/* Begin PBXResourcesBuildPhase section */
		D6C258831CBFF30E00D4A58E /* Resources */ = {
			isa = PBXResourcesBuildPhase;
			buildActionMask = 2147483647;
			files = (
				92CB33031CCEA5FA004CE971 /* Standard.jpg in Resources */,
				D6C258A01CC0026E00D4A58E /* BSCard.jpg in Resources */,
				D6C258981CBFF30E00D4A58E /* LaunchScreen.storyboard in Resources */,
				928A98561CD00BCA009984F7 /* goldDesign.jpg in Resources */,
				928A984C1CD004E2009984F7 /* blue-grayDesign.jpg in Resources */,
				928A984A1CD004D5009984F7 /* orange-multiDesign.jpg in Resources */,
				92CC48501CCEDE9300305889 /* purple-pinkDesign.jpg in Resources */,
				D6C258951CBFF30E00D4A58E /* Assets.xcassets in Resources */,
				D6C258931CBFF30E00D4A58E /* Main.storyboard in Resources */,
				9269721E1CC816E000306483 /* Templates.storyboard in Resources */,
				928A98501CD00B96009984F7 /* black-wood.jpg in Resources */,
				928A984E1CD00B7A009984F7 /* green-whiteDesign.jpg in Resources */,
				928A98521CD00BA7009984F7 /* blue-greenDesign.jpg in Resources */,
				928A98581CD00BD5009984F7 /* red-silverDesign.jpg in Resources */,
				928A98541CD00BBF009984F7 /* blue-whiteDesign.png in Resources */,
			);
			runOnlyForDeploymentPostprocessing = 0;
		};
/* End PBXResourcesBuildPhase section */

/* Begin PBXSourcesBuildPhase section */
		D6C258811CBFF30E00D4A58E /* Sources */ = {
			isa = PBXSourcesBuildPhase;
			buildActionMask = 2147483647;
			files = (
				D6C258901CBFF30E00D4A58E /* ViewController.m in Sources */,
				D6C2588D1CBFF30E00D4A58E /* AppDelegate.m in Sources */,
				D6C2588A1CBFF30E00D4A58E /* main.m in Sources */,
				921D25661CC81F4E00F988EC /* TemplateController.m in Sources */,
			);
			runOnlyForDeploymentPostprocessing = 0;
		};
/* End PBXSourcesBuildPhase section */

/* Begin PBXVariantGroup section */
		D6C258911CBFF30E00D4A58E /* Main.storyboard */ = {
			isa = PBXVariantGroup;
			children = (
				D6C258921CBFF30E00D4A58E /* Base */,
			);
			name = Main.storyboard;
			sourceTree = "<group>";
		};
		D6C258961CBFF30E00D4A58E /* LaunchScreen.storyboard */ = {
			isa = PBXVariantGroup;
			children = (
				D6C258971CBFF30E00D4A58E /* Base */,
			);
			name = LaunchScreen.storyboard;
			sourceTree = "<group>";
		};
/* End PBXVariantGroup section */

/* Begin XCBuildConfiguration section */
		D6C2589A1CBFF30E00D4A58E /* Debug */ = {
			isa = XCBuildConfiguration;
			buildSettings = {
				ALWAYS_SEARCH_USER_PATHS = NO;
				CLANG_CXX_LANGUAGE_STANDARD = "gnu++0x";
				CLANG_CXX_LIBRARY = "libc++";
				CLANG_ENABLE_MODULES = YES;
				CLANG_ENABLE_OBJC_ARC = YES;
				CLANG_WARN_BOOL_CONVERSION = YES;
				CLANG_WARN_CONSTANT_CONVERSION = YES;
				CLANG_WARN_DIRECT_OBJC_ISA_USAGE = YES_ERROR;
				CLANG_WARN_EMPTY_BODY = YES;
				CLANG_WARN_ENUM_CONVERSION = YES;
				CLANG_WARN_INT_CONVERSION = YES;
				CLANG_WARN_OBJC_ROOT_CLASS = YES_ERROR;
				CLANG_WARN_UNREACHABLE_CODE = YES;
				CLANG_WARN__DUPLICATE_METHOD_MATCH = YES;
				"CODE_SIGN_IDENTITY[sdk=iphoneos*]" = "iPhone Developer";
				COPY_PHASE_STRIP = NO;
				DEBUG_INFORMATION_FORMAT = dwarf;
				ENABLE_STRICT_OBJC_MSGSEND = YES;
				ENABLE_TESTABILITY = YES;
				GCC_C_LANGUAGE_STANDARD = gnu99;
				GCC_DYNAMIC_NO_PIC = NO;
				GCC_NO_COMMON_BLOCKS = YES;
				GCC_OPTIMIZATION_LEVEL = 0;
				GCC_PREPROCESSOR_DEFINITIONS = (
					"DEBUG=1",
					"$(inherited)",
				);
				GCC_WARN_64_TO_32_BIT_CONVERSION = YES;
				GCC_WARN_ABOUT_RETURN_TYPE = YES_ERROR;
				GCC_WARN_UNDECLARED_SELECTOR = YES;
				GCC_WARN_UNINITIALIZED_AUTOS = YES_AGGRESSIVE;
				GCC_WARN_UNUSED_FUNCTION = YES;
				GCC_WARN_UNUSED_VARIABLE = YES;
				IPHONEOS_DEPLOYMENT_TARGET = 9.2;
				MTL_ENABLE_DEBUG_INFO = YES;
				ONLY_ACTIVE_ARCH = YES;
				SDKROOT = iphoneos;
			};
			name = Debug;
		};
		D6C2589B1CBFF30E00D4A58E /* Release */ = {
			isa = XCBuildConfiguration;
			buildSettings = {
				ALWAYS_SEARCH_USER_PATHS = NO;
				CLANG_CXX_LANGUAGE_STANDARD = "gnu++0x";
				CLANG_CXX_LIBRARY = "libc++";
				CLANG_ENABLE_MODULES = YES;
				CLANG_ENABLE_OBJC_ARC = YES;
				CLANG_WARN_BOOL_CONVERSION = YES;
				CLANG_WARN_CONSTANT_CONVERSION = YES;
				CLANG_WARN_DIRECT_OBJC_ISA_USAGE = YES_ERROR;
				CLANG_WARN_EMPTY_BODY = YES;
				CLANG_WARN_ENUM_CONVERSION = YES;
				CLANG_WARN_INT_CONVERSION = YES;
				CLANG_WARN_OBJC_ROOT_CLASS = YES_ERROR;
				CLANG_WARN_UNREACHABLE_CODE = YES;
				CLANG_WARN__DUPLICATE_METHOD_MATCH = YES;
				"CODE_SIGN_IDENTITY[sdk=iphoneos*]" = "iPhone Developer";
				COPY_PHASE_STRIP = NO;
				DEBUG_INFORMATION_FORMAT = "dwarf-with-dsym";
				ENABLE_NS_ASSERTIONS = NO;
				ENABLE_STRICT_OBJC_MSGSEND = YES;
				GCC_C_LANGUAGE_STANDARD = gnu99;
				GCC_NO_COMMON_BLOCKS = YES;
				GCC_WARN_64_TO_32_BIT_CONVERSION = YES;
				GCC_WARN_ABOUT_RETURN_TYPE = YES_ERROR;
				GCC_WARN_UNDECLARED_SELECTOR = YES;
				GCC_WARN_UNINITIALIZED_AUTOS = YES_AGGRESSIVE;
				GCC_WARN_UNUSED_FUNCTION = YES;
				GCC_WARN_UNUSED_VARIABLE = YES;
				IPHONEOS_DEPLOYMENT_TARGET = 9.2;
				MTL_ENABLE_DEBUG_INFO = NO;
				SDKROOT = iphoneos;
				VALIDATE_PRODUCT = YES;
			};
			name = Release;
		};
		D6C2589D1CBFF30E00D4A58E /* Debug */ = {
			isa = XCBuildConfiguration;
			buildSettings = {
				ASSETCATALOG_COMPILER_APPICON_NAME = AppIcon;
				INFOPLIST_FILE = cardme/Info.plist;
				IPHONEOS_DEPLOYMENT_TARGET = 8.2;
				LD_RUNPATH_SEARCH_PATHS = "$(inherited) @executable_path/Frameworks";
				PRODUCT_BUNDLE_IDENTIFIER = nyu.edu.cardme;
				PRODUCT_NAME = "$(TARGET_NAME)";
			};
			name = Debug;
		};
		D6C2589E1CBFF30E00D4A58E /* Release */ = {
			isa = XCBuildConfiguration;
			buildSettings = {
				ASSETCATALOG_COMPILER_APPICON_NAME = AppIcon;
				INFOPLIST_FILE = cardme/Info.plist;
				IPHONEOS_DEPLOYMENT_TARGET = 8.2;
				LD_RUNPATH_SEARCH_PATHS = "$(inherited) @executable_path/Frameworks";
				PRODUCT_BUNDLE_IDENTIFIER = nyu.edu.cardme;
				PRODUCT_NAME = "$(TARGET_NAME)";
			};
			name = Release;
		};
/* End XCBuildConfiguration section */

/* Begin XCConfigurationList section */
		D6C258801CBFF30E00D4A58E /* Build configuration list for PBXProject "cardme" */ = {
			isa = XCConfigurationList;
			buildConfigurations = (
				D6C2589A1CBFF30E00D4A58E /* Debug */,
				D6C2589B1CBFF30E00D4A58E /* Release */,
			);
			defaultConfigurationIsVisible = 0;
			defaultConfigurationName = Release;
		};
		D6C2589C1CBFF30E00D4A58E /* Build configuration list for PBXNativeTarget "cardme" */ = {
			isa = XCConfigurationList;
			buildConfigurations = (
				D6C2589D1CBFF30E00D4A58E /* Debug */,
				D6C2589E1CBFF30E00D4A58E /* Release */,
			);
			defaultConfigurationIsVisible = 0;
			defaultConfigurationName = Release;
		};
/* End XCConfigurationList section */
	};
	rootObject = D6C2587D1CBFF30E00D4A58E /* Project object */;
}
